
Microsoft Visual Studio Solution File, Format Version 12.00
# Visual Studio 15
VisualStudioVersion = 15.0.27130.2026
MinimumVisualStudioVersion = 10.0.40219.1
Project("{FAE04EC0-301F-11D3-BF4B-00C04F79EFBC}") = "MetalBase", "FromExcelToDB_SQL\MetalBase.csproj", "{DFF7DDF1-3CE1-4137-9633-4F85D3406613}"
EndProject
Project("{2150E333-8FDC-42A3-9474-1A3956D46DE8}") = "Solution Items", "Solution Items", "{6D260543-43C0-4B68-91A4-C23BC00E6FBE}"
	ProjectSection(SolutionItems) = preProject
		Local.testsettings = Local.testsettings
		MetalBase.vsmdi = MetalBase.vsmdi
		TraceAndTestImpact.testsettings = TraceAndTestImpact.testsettings
	EndProjectSection
EndProject
Global
	GlobalSection(SolutionConfigurationPlatforms) = preSolution
		Debug|Any CPU = Debug|Any CPU
		Debug|Mixed Platforms = Debug|Mixed Platforms
		Debug|x86 = Debug|x86
		Release|Any CPU = Release|Any CPU
		Release|Mixed Platforms = Release|Mixed Platforms
		Release|x86 = Release|x86
	EndGlobalSection
	GlobalSection(ProjectConfigurationPlatforms) = postSolution
		{DFF7DDF1-3CE1-4137-9633-4F85D3406613}.Debug|Any CPU.ActiveCfg = Debug|Any CPU
		{DFF7DDF1-3CE1-4137-9633-4F85D3406613}.Debug|Mixed Platforms.ActiveCfg = Debug|x86
		{DFF7DDF1-3CE1-4137-9633-4F85D3406613}.Debug|Mixed Platforms.Build.0 = Debug|x86
		{DFF7DDF1-3CE1-4137-9633-4F85D3406613}.Debug|x86.ActiveCfg = Debug|x86
		{DFF7DDF1-3CE1-4137-9633-4F85D3406613}.Debug|x86.Build.0 = Debug|x86
		{DFF7DDF1-3CE1-4137-9633-4F85D3406613}.Release|Any CPU.ActiveCfg = Release|x86
		{DFF7DDF1-3CE1-4137-9633-4F85D3406613}.Release|Mixed Platforms.ActiveCfg = Release|x86
		{DFF7DDF1-3CE1-4137-9633-4F85D3406613}.Release|Mixed Platforms.Build.0 = Release|x86
		{DFF7DDF1-3CE1-4137-9633-4F85D3406613}.Release|x86.ActiveCfg = Release|x86
		{DFF7DDF1-3CE1-4137-9633-4F85D3406613}.Release|x86.Build.0 = Release|x86
	EndGlobalSection
	GlobalSection(SolutionProperties) = preSolution
		HideSolutionNode = FALSE
	EndGlobalSection
	GlobalSection(ExtensibilityGlobals) = postSolution
		SolutionGuid = {152B923D-900E-4DE6-8F9C-6E3AFFDCA89E}
	EndGlobalSection
	GlobalSection(TestCaseManagementSettings) = postSolution
		CategoryFile = MetalBase.vsmdi
	EndGlobalSection
EndGlobal
